
Microsoft Visual Studio Solution File, Format Version 11.00
# Visual Studio 2010
Project("{FAE04EC0-301F-11D3-BF4B-00C04F79EFBC}") = "PCategoria", "PCategoria\PCategoria.csproj", "{4FCC8214-DC84-4AB3-B1CA-B355EEBFC405}"
EndProject
Global
	GlobalSection(SolutionConfigurationPlatforms) = preSolution
		Debug|x86 = Debug|x86
		Release|x86 = Release|x86
	EndGlobalSection
	GlobalSection(ProjectConfigurationPlatforms) = postSolution
		{4FCC8214-DC84-4AB3-B1CA-B355EEBFC405}.Debug|x86.ActiveCfg = Debug|x86
		{4FCC8214-DC84-4AB3-B1CA-B355EEBFC405}.Debug|x86.Build.0 = Debug|x86
		{4FCC8214-DC84-4AB3-B1CA-B355EEBFC405}.Release|x86.ActiveCfg = Release|x86
		{4FCC8214-DC84-4AB3-B1CA-B355EEBFC405}.Release|x86.Build.0 = Release|x86
	EndGlobalSection
	GlobalSection(MonoDevelopProperties) = preSolution
		StartupItem = PCategoria\PCategoria.csproj
	EndGlobalSection
EndGlobal
